
Microsoft Visual Studio Solution File, Format Version 12.00
# Visual Studio Version 17
VisualStudioVersion = 17.8.34601.278
MinimumVisualStudioVersion = 10.0.40219.1
Project("{9A19103F-16F7-4668-BE54-9A1E7A4F7556}") = "RestApiTesting", "RestApiTesting\RestApiTesting.csproj", "{93413281-46F9-432C-8B56-F0882B363264}"
EndProject
Project("{9A19103F-16F7-4668-BE54-9A1E7A4F7556}") = "RestApi.Test", "RestApi.Test\RestApi.Test.csproj", "{A064714F-6392-4E0B-A972-44C09112B70C}"
EndProject
Project("{FAE04EC0-301F-11D3-BF4B-00C04F79EFBC}") = "RestApi.Test.xUnit", "RestApi.Test.xUnit\RestApi.Test.xUnit.csproj", "{C88132A2-4313-478C-BAB6-0C5B855CEBDB}"
EndProject
Global
	GlobalSection(SolutionConfigurationPlatforms) = preSolution
		Debug|Any CPU = Debug|Any CPU
		Release|Any CPU = Release|Any CPU
	EndGlobalSection
	GlobalSection(ProjectConfigurationPlatforms) = postSolution
		{93413281-46F9-432C-8B56-F0882B363264}.Debug|Any CPU.ActiveCfg = Debug|Any CPU
		{93413281-46F9-432C-8B56-F0882B363264}.Debug|Any CPU.Build.0 = Debug|Any CPU
		{93413281-46F9-432C-8B56-F0882B363264}.Release|Any CPU.ActiveCfg = Release|Any CPU
		{93413281-46F9-432C-8B56-F0882B363264}.Release|Any CPU.Build.0 = Release|Any CPU
		{A064714F-6392-4E0B-A972-44C09112B70C}.Debug|Any CPU.ActiveCfg = Debug|Any CPU
		{A064714F-6392-4E0B-A972-44C09112B70C}.Debug|Any CPU.Build.0 = Debug|Any CPU
		{A064714F-6392-4E0B-A972-44C09112B70C}.Release|Any CPU.ActiveCfg = Release|Any CPU
		{A064714F-6392-4E0B-A972-44C09112B70C}.Release|Any CPU.Build.0 = Release|Any CPU
		{C88132A2-4313-478C-BAB6-0C5B855CEBDB}.Debug|Any CPU.ActiveCfg = Debug|Any CPU
		{C88132A2-4313-478C-BAB6-0C5B855CEBDB}.Debug|Any CPU.Build.0 = Debug|Any CPU
		{C88132A2-4313-478C-BAB6-0C5B855CEBDB}.Release|Any CPU.ActiveCfg = Release|Any CPU
		{C88132A2-4313-478C-BAB6-0C5B855CEBDB}.Release|Any CPU.Build.0 = Release|Any CPU
	EndGlobalSection
	GlobalSection(SolutionProperties) = preSolution
		HideSolutionNode = FALSE
	EndGlobalSection
	GlobalSection(ExtensibilityGlobals) = postSolution
		SolutionGuid = {F6E45231-67CC-4AB7-B9C8-15DE5E23CDB6}
	EndGlobalSection
EndGlobal
